
Microsoft Visual Studio Solution File, Format Version 12.00
# Visual Studio 15
VisualStudioVersion = 15.0.28307.645
MinimumVisualStudioVersion = 10.0.40219.1
Project("{9A19103F-16F7-4668-BE54-9A1E7A4F7556}") = "DotNet.Microservices.Consul1.Apps", "DotNet.Microservices.Consul.Apps\DotNet.Microservices.Consul1.Apps.csproj", "{57F59593-A97F-4188-B03F-66C134BB5767}"
EndProject
Project("{FAE04EC0-301F-11D3-BF4B-00C04F79EFBC}") = "DotNet.Microservices.Consul.Repository", "DotNet.Microservices.Consul.Repository\DotNet.Microservices.Consul.Repository.csproj", "{12D8613E-31EE-4A8B-A6FE-0C2D2801E1E0}"
EndProject
Project("{FAE04EC0-301F-11D3-BF4B-00C04F79EFBC}") = "DotNet.Microservices.Consul2.Apps", "DotNet.Microservices.Consul2.Apps\DotNet.Microservices.Consul2.Apps.csproj", "{26E418CC-51DB-4E6C-BFB3-6FD957B62289}"
EndProject
Project("{FAE04EC0-301F-11D3-BF4B-00C04F79EFBC}") = "DotNet.Microservices.Consul3.Apps", "DotNet.Microservices.Consul3.Apps\DotNet.Microservices.Consul3.Apps.csproj", "{7EEF791B-D6A5-4E78-8ECA-E408B0D05B1B}"
EndProject
Global
	GlobalSection(SolutionConfigurationPlatforms) = preSolution
		Debug|Any CPU = Debug|Any CPU
		Release|Any CPU = Release|Any CPU
	EndGlobalSection
	GlobalSection(ProjectConfigurationPlatforms) = postSolution
		{57F59593-A97F-4188-B03F-66C134BB5767}.Debug|Any CPU.ActiveCfg = Debug|Any CPU
		{57F59593-A97F-4188-B03F-66C134BB5767}.Debug|Any CPU.Build.0 = Debug|Any CPU
		{57F59593-A97F-4188-B03F-66C134BB5767}.Release|Any CPU.ActiveCfg = Release|Any CPU
		{57F59593-A97F-4188-B03F-66C134BB5767}.Release|Any CPU.Build.0 = Release|Any CPU
		{12D8613E-31EE-4A8B-A6FE-0C2D2801E1E0}.Debug|Any CPU.ActiveCfg = Debug|Any CPU
		{12D8613E-31EE-4A8B-A6FE-0C2D2801E1E0}.Debug|Any CPU.Build.0 = Debug|Any CPU
		{12D8613E-31EE-4A8B-A6FE-0C2D2801E1E0}.Release|Any CPU.ActiveCfg = Release|Any CPU
		{12D8613E-31EE-4A8B-A6FE-0C2D2801E1E0}.Release|Any CPU.Build.0 = Release|Any CPU
		{26E418CC-51DB-4E6C-BFB3-6FD957B62289}.Debug|Any CPU.ActiveCfg = Debug|Any CPU
		{26E418CC-51DB-4E6C-BFB3-6FD957B62289}.Debug|Any CPU.Build.0 = Debug|Any CPU
		{26E418CC-51DB-4E6C-BFB3-6FD957B62289}.Release|Any CPU.ActiveCfg = Release|Any CPU
		{26E418CC-51DB-4E6C-BFB3-6FD957B62289}.Release|Any CPU.Build.0 = Release|Any CPU
		{7EEF791B-D6A5-4E78-8ECA-E408B0D05B1B}.Debug|Any CPU.ActiveCfg = Debug|Any CPU
		{7EEF791B-D6A5-4E78-8ECA-E408B0D05B1B}.Debug|Any CPU.Build.0 = Debug|Any CPU
		{7EEF791B-D6A5-4E78-8ECA-E408B0D05B1B}.Release|Any CPU.ActiveCfg = Release|Any CPU
		{7EEF791B-D6A5-4E78-8ECA-E408B0D05B1B}.Release|Any CPU.Build.0 = Release|Any CPU
	EndGlobalSection
	GlobalSection(SolutionProperties) = preSolution
		HideSolutionNode = FALSE
	EndGlobalSection
	GlobalSection(ExtensibilityGlobals) = postSolution
		SolutionGuid = {671CAF55-BB9D-433F-8E33-E9719568DC41}
	EndGlobalSection
EndGlobal
